// !$*UTF8*$!
{
	archiveVersion = 1;
	classes = {
	};
	objectVersion = 55;
	objects = {

/* Begin PBXBuildFile section */
		CDA01045284731BC009AF69E /* FastConnectBluetooth_for_MacApp.swift in Sources */ = {isa = PBXBuildFile; fileRef = CDA01044284731BC009AF69E /* FastConnectBluetooth_for_MacApp.swift */; };
		CDA01047284731BC009AF69E /* ContentView.swift in Sources */ = {isa = PBXBuildFile; fileRef = CDA01046284731BC009AF69E /* ContentView.swift */; };
		CDA01049284731BD009AF69E /* Assets.xcassets in Resources */ = {isa = PBXBuildFile; fileRef = CDA01048284731BD009AF69E /* Assets.xcassets */; };
		CDA0104C284731BD009AF69E /* Preview Assets.xcassets in Resources */ = {isa = PBXBuildFile; fileRef = CDA0104B284731BD009AF69E /* Preview Assets.xcassets */; };
		CDA010572847330F009AF69E /* Home.swift in Sources */ = {isa = PBXBuildFile; fileRef = CDA010562847330F009AF69E /* Home.swift */; };
/* End PBXBuildFile section */

/* Begin PBXFileReference section */
		CDA01041284731BC009AF69E /* FastConnectBluetooth_for_Mac.app */ = {isa = PBXFileReference; explicitFileType = wrapper.application; includeInIndex = 0; path = FastConnectBluetooth_for_Mac.app; sourceTree = BUILT_PRODUCTS_DIR; };
		CDA01044284731BC009AF69E /* FastConnectBluetooth_for_MacApp.swift */ = {isa = PBXFileReference; lastKnownFileType = sourcecode.swift; path = FastConnectBluetooth_for_MacApp.swift; sourceTree = "<group>"; };
		CDA01046284731BC009AF69E /* ContentView.swift */ = {isa = PBXFileReference; lastKnownFileType = sourcecode.swift; path = ContentView.swift; sourceTree = "<group>"; };
		CDA01048284731BD009AF69E /* Assets.xcassets */ = {isa = PBXFileReference; lastKnownFileType = folder.assetcatalog; path = Assets.xcassets; sourceTree = "<group>"; };
		CDA0104B284731BD009AF69E /* Preview Assets.xcassets */ = {isa = PBXFileReference; lastKnownFileType = folder.assetcatalog; path = "Preview Assets.xcassets"; sourceTree = "<group>"; };
		CDA0104D284731BD009AF69E /* FastConnectBluetooth_for_Mac.entitlements */ = {isa = PBXFileReference; lastKnownFileType = text.plist.entitlements; path = FastConnectBluetooth_for_Mac.entitlements; sourceTree = "<group>"; };
		CDA010562847330F009AF69E /* Home.swift */ = {isa = PBXFileReference; lastKnownFileType = sourcecode.swift; path = Home.swift; sourceTree = "<group>"; };
		CDA0105828473665009AF69E /* FastConnectBluetooth-for-Mac-Info.plist */ = {isa = PBXFileReference; lastKnownFileType = text.plist; path = "FastConnectBluetooth-for-Mac-Info.plist"; sourceTree = SOURCE_ROOT; };
/* End PBXFileReference section */

/* Begin PBXFrameworksBuildPhase section */
		CDA0103E284731BC009AF69E /* Frameworks */ = {
			isa = PBXFrameworksBuildPhase;
			buildActionMask = 2147483647;
			files = (
			);
			runOnlyForDeploymentPostprocessing = 0;
		};
/* End PBXFrameworksBuildPhase section */

/* Begin PBXGroup section */
		CDA01038284731BC009AF69E = {
			isa = PBXGroup;
			children = (
				CDA01043284731BC009AF69E /* FastConnectBluetooth_for_Mac */,
				CDA01042284731BC009AF69E /* Products */,
			);
			sourceTree = "<group>";
		};
		CDA01042284731BC009AF69E /* Products */ = {
			isa = PBXGroup;
			children = (
				CDA01041284731BC009AF69E /* FastConnectBluetooth_for_Mac.app */,
			);
			name = Products;
			sourceTree = "<group>";
		};
		CDA01043284731BC009AF69E /* FastConnectBluetooth_for_Mac */ = {
			isa = PBXGroup;
			children = (
				CDA0105828473665009AF69E /* FastConnectBluetooth-for-Mac-Info.plist */,
				CDA01055284731CB009AF69E /* ViewModel */,
				CDA01054284731C7009AF69E /* Model */,
				CDA01053284731C2009AF69E /* View */,
				CDA01044284731BC009AF69E /* FastConnectBluetooth_for_MacApp.swift */,
				CDA01046284731BC009AF69E /* ContentView.swift */,
				CDA01048284731BD009AF69E /* Assets.xcassets */,
				CDA0104D284731BD009AF69E /* FastConnectBluetooth_for_Mac.entitlements */,
				CDA0104A284731BD009AF69E /* Preview Content */,
			);
			path = FastConnectBluetooth_for_Mac;
			sourceTree = "<group>";
		};
		CDA0104A284731BD009AF69E /* Preview Content */ = {
			isa = PBXGroup;
			children = (
				CDA0104B284731BD009AF69E /* Preview Assets.xcassets */,
			);
			path = "Preview Content";
			sourceTree = "<group>";
		};
		CDA01053284731C2009AF69E /* View */ = {
			isa = PBXGroup;
			children = (
				CDA010562847330F009AF69E /* Home.swift */,
			);
			path = View;
			sourceTree = "<group>";
		};
		CDA01054284731C7009AF69E /* Model */ = {
			isa = PBXGroup;
			children = (
			);
			path = Model;
			sourceTree = "<group>";
		};
		CDA01055284731CB009AF69E /* ViewModel */ = {
			isa = PBXGroup;
			children = (
			);
			path = ViewModel;
			sourceTree = "<group>";
		};
/* End PBXGroup section */

/* Begin PBXNativeTarget section */
		CDA01040284731BC009AF69E /* FastConnectBluetooth_for_Mac */ = {
			isa = PBXNativeTarget;
			buildConfigurationList = CDA01050284731BD009AF69E /* Build configuration list for PBXNativeTarget "FastConnectBluetooth_for_Mac" */;
			buildPhases = (
				CDA0103D284731BC009AF69E /* Sources */,
				CDA0103E284731BC009AF69E /* Frameworks */,
				CDA0103F284731BC009AF69E /* Resources */,
			);
			buildRules = (
			);
			dependencies = (
			);
			name = FastConnectBluetooth_for_Mac;
			productName = FastConnectBluetooth_for_Mac;
			productReference = CDA01041284731BC009AF69E /* FastConnectBluetooth_for_Mac.app */;
			productType = "com.apple.product-type.application";
		};
/* End PBXNativeTarget section */

/* Begin PBXProject section */
		CDA01039284731BC009AF69E /* Project object */ = {
			isa = PBXProject;
			attributes = {
				BuildIndependentTargetsInParallel = 1;
				LastSwiftUpdateCheck = 1330;
				LastUpgradeCheck = 1330;
				TargetAttributes = {
					CDA01040284731BC009AF69E = {
						CreatedOnToolsVersion = 13.3;
					};
				};
			};
			buildConfigurationList = CDA0103C284731BC009AF69E /* Build configuration list for PBXProject "FastConnectBluetooth_for_Mac" */;
			compatibilityVersion = "Xcode 13.0";
			developmentRegion = en;
			hasScannedForEncodings = 0;
			knownRegions = (
				en,
				Base,
			);
			mainGroup = CDA01038284731BC009AF69E;
			productRefGroup = CDA01042284731BC009AF69E /* Products */;
			projectDirPath = "";
			projectRoot = "";
			targets = (
				CDA01040284731BC009AF69E /* FastConnectBluetooth_for_Mac */,
			);
		};
/* End PBXProject section */

/* Begin PBXResourcesBuildPhase section */
		CDA0103F284731BC009AF69E /* Resources */ = {
			isa = PBXResourcesBuildPhase;
			buildActionMask = 2147483647;
			files = (
				CDA0104C284731BD009AF69E /* Preview Assets.xcassets in Resources */,
				CDA01049284731BD009AF69E /* Assets.xcassets in Resources */,
			);
			runOnlyForDeploymentPostprocessing = 0;
		};
/* End PBXResourcesBuildPhase section */

/* Begin PBXSourcesBuildPhase section */
		CDA0103D284731BC009AF69E /* Sources */ = {
			isa = PBXSourcesBuildPhase;
			buildActionMask = 2147483647;
			files = (
				CDA01047284731BC009AF69E /* ContentView.swift in Sources */,
				CDA010572847330F009AF69E /* Home.swift in Sources */,
				CDA01045284731BC009AF69E /* FastConnectBluetooth_for_MacApp.swift in Sources */,
			);
			runOnlyForDeploymentPostprocessing = 0;
		};
/* End PBXSourcesBuildPhase section */

/* Begin XCBuildConfiguration section */
		CDA0104E284731BD009AF69E /* Debug */ = {
			isa = XCBuildConfiguration;
			buildSettings = {
				ALWAYS_SEARCH_USER_PATHS = NO;
				CLANG_ANALYZER_NONNULL = YES;
				CLANG_ANALYZER_NUMBER_OBJECT_CONVERSION = YES_AGGRESSIVE;
				CLANG_CXX_LANGUAGE_STANDARD = "gnu++17";
				CLANG_ENABLE_MODULES = YES;
				CLANG_ENABLE_OBJC_ARC = YES;
				CLANG_ENABLE_OBJC_WEAK = YES;
				CLANG_WARN_BLOCK_CAPTURE_AUTORELEASING = YES;
				CLANG_WARN_BOOL_CONVERSION = YES;
				CLANG_WARN_COMMA = YES;
				CLANG_WARN_CONSTANT_CONVERSION = YES;
				CLANG_WARN_DEPRECATED_OBJC_IMPLEMENTATIONS = YES;
				CLANG_WARN_DIRECT_OBJC_ISA_USAGE = YES_ERROR;
				CLANG_WARN_DOCUMENTATION_COMMENTS = YES;
				CLANG_WARN_EMPTY_BODY = YES;
				CLANG_WARN_ENUM_CONVERSION = YES;
				CLANG_WARN_INFINITE_RECURSION = YES;
				CLANG_WARN_INT_CONVERSION = YES;
				CLANG_WARN_NON_LITERAL_NULL_CONVERSION = YES;
				CLANG_WARN_OBJC_IMPLICIT_RETAIN_SELF = YES;
				CLANG_WARN_OBJC_LITERAL_CONVERSION = YES;
				CLANG_WARN_OBJC_ROOT_CLASS = YES_ERROR;
				CLANG_WARN_QUOTED_INCLUDE_IN_FRAMEWORK_HEADER = YES;
				CLANG_WARN_RANGE_LOOP_ANALYSIS = YES;
				CLANG_WARN_STRICT_PROTOTYPES = YES;
				CLANG_WARN_SUSPICIOUS_MOVE = YES;
				CLANG_WARN_UNGUARDED_AVAILABILITY = YES_AGGRESSIVE;
				CLANG_WARN_UNREACHABLE_CODE = YES;
				CLANG_WARN__DUPLICATE_METHOD_MATCH = YES;
				COPY_PHASE_STRIP = NO;
				DEBUG_INFORMATION_FORMAT = dwarf;
				ENABLE_STRICT_OBJC_MSGSEND = YES;
				ENABLE_TESTABILITY = YES;
				GCC_C_LANGUAGE_STANDARD = gnu11;
				GCC_DYNAMIC_NO_PIC = NO;
				GCC_NO_COMMON_BLOCKS = YES;
				GCC_OPTIMIZATION_LEVEL = 0;
				GCC_PREPROCESSOR_DEFINITIONS = (
					"DEBUG=1",
					"$(inherited)",
				);
				GCC_WARN_64_TO_32_BIT_CONVERSION = YES;
				GCC_WARN_ABOUT_RETURN_TYPE = YES_ERROR;
				GCC_WARN_UNDECLARED_SELECTOR = YES;
				GCC_WARN_UNINITIALIZED_AUTOS = YES_AGGRESSIVE;
				GCC_WARN_UNUSED_FUNCTION = YES;
				GCC_WARN_UNUSED_VARIABLE = YES;
				MACOSX_DEPLOYMENT_TARGET = 12.3;
				MTL_ENABLE_DEBUG_INFO = INCLUDE_SOURCE;
				MTL_FAST_MATH = YES;
				ONLY_ACTIVE_ARCH = YES;
				SDKROOT = macosx;
				SWIFT_ACTIVE_COMPILATION_CONDITIONS = DEBUG;
				SWIFT_OPTIMIZATION_LEVEL = "-Onone";
			};
			name = Debug;
		};
		CDA0104F284731BD009AF69E /* Release */ = {
			isa = XCBuildConfiguration;
			buildSettings = {
				ALWAYS_SEARCH_USER_PATHS = NO;
				CLANG_ANALYZER_NONNULL = YES;
				CLANG_ANALYZER_NUMBER_OBJECT_CONVERSION = YES_AGGRESSIVE;
				CLANG_CXX_LANGUAGE_STANDARD = "gnu++17";
				CLANG_ENABLE_MODULES = YES;
				CLANG_ENABLE_OBJC_ARC = YES;
				CLANG_ENABLE_OBJC_WEAK = YES;
				CLANG_WARN_BLOCK_CAPTURE_AUTORELEASING = YES;
				CLANG_WARN_BOOL_CONVERSION = YES;
				CLANG_WARN_COMMA = YES;
				CLANG_WARN_CONSTANT_CONVERSION = YES;
				CLANG_WARN_DEPRECATED_OBJC_IMPLEMENTATIONS = YES;
				CLANG_WARN_DIRECT_OBJC_ISA_USAGE = YES_ERROR;
				CLANG_WARN_DOCUMENTATION_COMMENTS = YES;
				CLANG_WARN_EMPTY_BODY = YES;
				CLANG_WARN_ENUM_CONVERSION = YES;
				CLANG_WARN_INFINITE_RECURSION = YES;
				CLANG_WARN_INT_CONVERSION = YES;
				CLANG_WARN_NON_LITERAL_NULL_CONVERSION = YES;
				CLANG_WARN_OBJC_IMPLICIT_RETAIN_SELF = YES;
				CLANG_WARN_OBJC_LITERAL_CONVERSION = YES;
				CLANG_WARN_OBJC_ROOT_CLASS = YES_ERROR;
				CLANG_WARN_QUOTED_INCLUDE_IN_FRAMEWORK_HEADER = YES;
				CLANG_WARN_RANGE_LOOP_ANALYSIS = YES;
				CLANG_WARN_STRICT_PROTOTYPES = YES;
				CLANG_WARN_SUSPICIOUS_MOVE = YES;
				CLANG_WARN_UNGUARDED_AVAILABILITY = YES_AGGRESSIVE;
				CLANG_WARN_UNREACHABLE_CODE = YES;
				CLANG_WARN__DUPLICATE_METHOD_MATCH = YES;
				COPY_PHASE_STRIP = NO;
				DEBUG_INFORMATION_FORMAT = "dwarf-with-dsym";
				ENABLE_NS_ASSERTIONS = NO;
				ENABLE_STRICT_OBJC_MSGSEND = YES;
				GCC_C_LANGUAGE_STANDARD = gnu11;
				GCC_NO_COMMON_BLOCKS = YES;
				GCC_WARN_64_TO_32_BIT_CONVERSION = YES;
				GCC_WARN_ABOUT_RETURN_TYPE = YES_ERROR;
				GCC_WARN_UNDECLARED_SELECTOR = YES;
				GCC_WARN_UNINITIALIZED_AUTOS = YES_AGGRESSIVE;
				GCC_WARN_UNUSED_FUNCTION = YES;
				GCC_WARN_UNUSED_VARIABLE = YES;
				MACOSX_DEPLOYMENT_TARGET = 12.3;
				MTL_ENABLE_DEBUG_INFO = NO;
				MTL_FAST_MATH = YES;
				SDKROOT = macosx;
				SWIFT_COMPILATION_MODE = wholemodule;
				SWIFT_OPTIMIZATION_LEVEL = "-O";
			};
			name = Release;
		};
		CDA01051284731BD009AF69E /* Debug */ = {
			isa = XCBuildConfiguration;
			buildSettings = {
				ASSETCATALOG_COMPILER_APPICON_NAME = AppIcon;
				ASSETCATALOG_COMPILER_GLOBAL_ACCENT_COLOR_NAME = AccentColor;
				CODE_SIGN_ENTITLEMENTS = FastConnectBluetooth_for_Mac/FastConnectBluetooth_for_Mac.entitlements;
				CODE_SIGN_STYLE = Automatic;
				COMBINE_HIDPI_IMAGES = YES;
				CURRENT_PROJECT_VERSION = 1;
				DEVELOPMENT_ASSET_PATHS = "\"FastConnectBluetooth_for_Mac/Preview Content\"";
				ENABLE_PREVIEWS = YES;
				GENERATE_INFOPLIST_FILE = YES;
				INFOPLIST_FILE = "FastConnectBluetooth-for-Mac-Info.plist";
				INFOPLIST_KEY_NSHumanReadableCopyright = "";
				LD_RUNPATH_SEARCH_PATHS = (
					"$(inherited)",
					"@executable_path/../Frameworks",
				);
				MARKETING_VERSION = 1.0;
				PRODUCT_BUNDLE_IDENTIFIER = "hyungjun.seo.FastConnectBluetooth-for-Mac";
				PRODUCT_NAME = "$(TARGET_NAME)";
				SWIFT_EMIT_LOC_STRINGS = YES;
				SWIFT_VERSION = 5.0;
			};
			name = Debug;
		};
		CDA01052284731BD009AF69E /* Release */ = {
			isa = XCBuildConfiguration;
			buildSettings = {
				ASSETCATALOG_COMPILER_APPICON_NAME = AppIcon;
				ASSETCATALOG_COMPILER_GLOBAL_ACCENT_COLOR_NAME = AccentColor;
				CODE_SIGN_ENTITLEMENTS = FastConnectBluetooth_for_Mac/FastConnectBluetooth_for_Mac.entitlements;
				CODE_SIGN_STYLE = Automatic;
				COMBINE_HIDPI_IMAGES = YES;
				CURRENT_PROJECT_VERSION = 1;
				DEVELOPMENT_ASSET_PATHS = "\"FastConnectBluetooth_for_Mac/Preview Content\"";
				ENABLE_PREVIEWS = YES;
				GENERATE_INFOPLIST_FILE = YES;
				INFOPLIST_FILE = "FastConnectBluetooth-for-Mac-Info.plist";
				INFOPLIST_KEY_NSHumanReadableCopyright = "";
				LD_RUNPATH_SEARCH_PATHS = (
					"$(inherited)",
					"@executable_path/../Frameworks",
				);
				MARKETING_VERSION = 1.0;
				PRODUCT_BUNDLE_IDENTIFIER = "hyungjun.seo.FastConnectBluetooth-for-Mac";
				PRODUCT_NAME = "$(TARGET_NAME)";
				SWIFT_EMIT_LOC_STRINGS = YES;
				SWIFT_VERSION = 5.0;
			};
			name = Release;
		};
/* End XCBuildConfiguration section */

/* Begin XCConfigurationList section */
		CDA0103C284731BC009AF69E /* Build configuration list for PBXProject "FastConnectBluetooth_for_Mac" */ = {
			isa = XCConfigurationList;
			buildConfigurations = (
				CDA0104E284731BD009AF69E /* Debug */,
				CDA0104F284731BD009AF69E /* Release */,
			);
			defaultConfigurationIsVisible = 0;
			defaultConfigurationName = Release;
		};
		CDA01050284731BD009AF69E /* Build configuration list for PBXNativeTarget "FastConnectBluetooth_for_Mac" */ = {
			isa = XCConfigurationList;
			buildConfigurations = (
				CDA01051284731BD009AF69E /* Debug */,
				CDA01052284731BD009AF69E /* Release */,
			);
			defaultConfigurationIsVisible = 0;
			defaultConfigurationName = Release;
		};
/* End XCConfigurationList section */
	};
	rootObject = CDA01039284731BC009AF69E /* Project object */;
}
