// !$*UTF8*$!
{
	archiveVersion = 1;
	classes = {
	};
	objectVersion = 50;
	objects = {

/* Begin PBXBuildFile section */
		677C56312483CAEB00D4836C /* AppDelegate.swift in Sources */ = {isa = PBXBuildFile; fileRef = 677C56302483CAEB00D4836C /* AppDelegate.swift */; };
		677C56332483CAEB00D4836C /* SceneDelegate.swift in Sources */ = {isa = PBXBuildFile; fileRef = 677C56322483CAEB00D4836C /* SceneDelegate.swift */; };
		677C56362483CAEB00D4836C /* FastConnectBluetooth.xcdatamodeld in Sources */ = {isa = PBXBuildFile; fileRef = 677C56342483CAEB00D4836C /* FastConnectBluetooth.xcdatamodeld */; };
		677C56382483CAEB00D4836C /* BluetoothListScene.swift in Sources */ = {isa = PBXBuildFile; fileRef = 677C56372483CAEB00D4836C /* BluetoothListScene.swift */; };
		677C563A2483CAEC00D4836C /* Assets.xcassets in Resources */ = {isa = PBXBuildFile; fileRef = 677C56392483CAEC00D4836C /* Assets.xcassets */; };
		677C563D2483CAEC00D4836C /* Preview Assets.xcassets in Resources */ = {isa = PBXBuildFile; fileRef = 677C563C2483CAEC00D4836C /* Preview Assets.xcassets */; };
		677C56402483CAEC00D4836C /* LaunchScreen.storyboard in Resources */ = {isa = PBXBuildFile; fileRef = 677C563E2483CAEC00D4836C /* LaunchScreen.storyboard */; };
		677C564B2483CAEC00D4836C /* FastConnectBluetoothTests.swift in Sources */ = {isa = PBXBuildFile; fileRef = 677C564A2483CAEC00D4836C /* FastConnectBluetoothTests.swift */; };
		677C56562483CAEC00D4836C /* FastConnectBluetoothUITests.swift in Sources */ = {isa = PBXBuildFile; fileRef = 677C56552483CAEC00D4836C /* FastConnectBluetoothUITests.swift */; };
/* End PBXBuildFile section */

/* Begin PBXContainerItemProxy section */
		677C56472483CAEC00D4836C /* PBXContainerItemProxy */ = {
			isa = PBXContainerItemProxy;
			containerPortal = 677C56252483CAEB00D4836C /* Project object */;
			proxyType = 1;
			remoteGlobalIDString = 677C562C2483CAEB00D4836C;
			remoteInfo = FastConnectBluetooth;
		};
		677C56522483CAEC00D4836C /* PBXContainerItemProxy */ = {
			isa = PBXContainerItemProxy;
			containerPortal = 677C56252483CAEB00D4836C /* Project object */;
			proxyType = 1;
			remoteGlobalIDString = 677C562C2483CAEB00D4836C;
			remoteInfo = FastConnectBluetooth;
		};
/* End PBXContainerItemProxy section */

/* Begin PBXFileReference section */
		677C562D2483CAEB00D4836C /* FastConnectBluetooth.app */ = {isa = PBXFileReference; explicitFileType = wrapper.application; includeInIndex = 0; path = FastConnectBluetooth.app; sourceTree = BUILT_PRODUCTS_DIR; };
		677C56302483CAEB00D4836C /* AppDelegate.swift */ = {isa = PBXFileReference; lastKnownFileType = sourcecode.swift; path = AppDelegate.swift; sourceTree = "<group>"; };
		677C56322483CAEB00D4836C /* SceneDelegate.swift */ = {isa = PBXFileReference; lastKnownFileType = sourcecode.swift; path = SceneDelegate.swift; sourceTree = "<group>"; };
		677C56352483CAEB00D4836C /* FastConnectBluetooth.xcdatamodel */ = {isa = PBXFileReference; lastKnownFileType = wrapper.xcdatamodel; path = FastConnectBluetooth.xcdatamodel; sourceTree = "<group>"; };
		677C56372483CAEB00D4836C /* BluetoothListScene.swift */ = {isa = PBXFileReference; lastKnownFileType = sourcecode.swift; path = BluetoothListScene.swift; sourceTree = "<group>"; };
		677C56392483CAEC00D4836C /* Assets.xcassets */ = {isa = PBXFileReference; lastKnownFileType = folder.assetcatalog; path = Assets.xcassets; sourceTree = "<group>"; };
		677C563C2483CAEC00D4836C /* Preview Assets.xcassets */ = {isa = PBXFileReference; lastKnownFileType = folder.assetcatalog; path = "Preview Assets.xcassets"; sourceTree = "<group>"; };
		677C563F2483CAEC00D4836C /* Base */ = {isa = PBXFileReference; lastKnownFileType = file.storyboard; name = Base; path = Base.lproj/LaunchScreen.storyboard; sourceTree = "<group>"; };
		677C56412483CAEC00D4836C /* Info.plist */ = {isa = PBXFileReference; lastKnownFileType = text.plist.xml; path = Info.plist; sourceTree = "<group>"; };
		677C56462483CAEC00D4836C /* FastConnectBluetoothTests.xctest */ = {isa = PBXFileReference; explicitFileType = wrapper.cfbundle; includeInIndex = 0; path = FastConnectBluetoothTests.xctest; sourceTree = BUILT_PRODUCTS_DIR; };
		677C564A2483CAEC00D4836C /* FastConnectBluetoothTests.swift */ = {isa = PBXFileReference; lastKnownFileType = sourcecode.swift; path = FastConnectBluetoothTests.swift; sourceTree = "<group>"; };
		677C564C2483CAEC00D4836C /* Info.plist */ = {isa = PBXFileReference; lastKnownFileType = text.plist.xml; path = Info.plist; sourceTree = "<group>"; };
		677C56512483CAEC00D4836C /* FastConnectBluetoothUITests.xctest */ = {isa = PBXFileReference; explicitFileType = wrapper.cfbundle; includeInIndex = 0; path = FastConnectBluetoothUITests.xctest; sourceTree = BUILT_PRODUCTS_DIR; };
		677C56552483CAEC00D4836C /* FastConnectBluetoothUITests.swift */ = {isa = PBXFileReference; lastKnownFileType = sourcecode.swift; path = FastConnectBluetoothUITests.swift; sourceTree = "<group>"; };
		677C56572483CAEC00D4836C /* Info.plist */ = {isa = PBXFileReference; lastKnownFileType = text.plist.xml; path = Info.plist; sourceTree = "<group>"; };
/* End PBXFileReference section */

/* Begin PBXFrameworksBuildPhase section */
		677C562A2483CAEB00D4836C /* Frameworks */ = {
			isa = PBXFrameworksBuildPhase;
			buildActionMask = 2147483647;
			files = (
			);
			runOnlyForDeploymentPostprocessing = 0;
		};
		677C56432483CAEC00D4836C /* Frameworks */ = {
			isa = PBXFrameworksBuildPhase;
			buildActionMask = 2147483647;
			files = (
			);
			runOnlyForDeploymentPostprocessing = 0;
		};
		677C564E2483CAEC00D4836C /* Frameworks */ = {
			isa = PBXFrameworksBuildPhase;
			buildActionMask = 2147483647;
			files = (
			);
			runOnlyForDeploymentPostprocessing = 0;
		};
/* End PBXFrameworksBuildPhase section */

/* Begin PBXGroup section */
		677C56242483CAEB00D4836C = {
			isa = PBXGroup;
			children = (
				677C562F2483CAEB00D4836C /* FastConnectBluetooth */,
				677C56492483CAEC00D4836C /* FastConnectBluetoothTests */,
				677C56542483CAEC00D4836C /* FastConnectBluetoothUITests */,
				677C562E2483CAEB00D4836C /* Products */,
			);
			sourceTree = "<group>";
		};
		677C562E2483CAEB00D4836C /* Products */ = {
			isa = PBXGroup;
			children = (
				677C562D2483CAEB00D4836C /* FastConnectBluetooth.app */,
				677C56462483CAEC00D4836C /* FastConnectBluetoothTests.xctest */,
				677C56512483CAEC00D4836C /* FastConnectBluetoothUITests.xctest */,
			);
			name = Products;
			sourceTree = "<group>";
		};
		677C562F2483CAEB00D4836C /* FastConnectBluetooth */ = {
			isa = PBXGroup;
			children = (
				677C56302483CAEB00D4836C /* AppDelegate.swift */,
				677C56322483CAEB00D4836C /* SceneDelegate.swift */,
				677C56372483CAEB00D4836C /* BluetoothListScene.swift */,
				677C56392483CAEC00D4836C /* Assets.xcassets */,
				677C563E2483CAEC00D4836C /* LaunchScreen.storyboard */,
				677C56412483CAEC00D4836C /* Info.plist */,
				677C56342483CAEB00D4836C /* FastConnectBluetooth.xcdatamodeld */,
				677C563B2483CAEC00D4836C /* Preview Content */,
			);
			path = FastConnectBluetooth;
			sourceTree = "<group>";
		};
		677C563B2483CAEC00D4836C /* Preview Content */ = {
			isa = PBXGroup;
			children = (
				677C563C2483CAEC00D4836C /* Preview Assets.xcassets */,
			);
			path = "Preview Content";
			sourceTree = "<group>";
		};
		677C56492483CAEC00D4836C /* FastConnectBluetoothTests */ = {
			isa = PBXGroup;
			children = (
				677C564A2483CAEC00D4836C /* FastConnectBluetoothTests.swift */,
				677C564C2483CAEC00D4836C /* Info.plist */,
			);
			path = FastConnectBluetoothTests;
			sourceTree = "<group>";
		};
		677C56542483CAEC00D4836C /* FastConnectBluetoothUITests */ = {
			isa = PBXGroup;
			children = (
				677C56552483CAEC00D4836C /* FastConnectBluetoothUITests.swift */,
				677C56572483CAEC00D4836C /* Info.plist */,
			);
			path = FastConnectBluetoothUITests;
			sourceTree = "<group>";
		};
/* End PBXGroup section */

/* Begin PBXNativeTarget section */
		677C562C2483CAEB00D4836C /* FastConnectBluetooth */ = {
			isa = PBXNativeTarget;
			buildConfigurationList = 677C565A2483CAEC00D4836C /* Build configuration list for PBXNativeTarget "FastConnectBluetooth" */;
			buildPhases = (
				677C56292483CAEB00D4836C /* Sources */,
				677C562A2483CAEB00D4836C /* Frameworks */,
				677C562B2483CAEB00D4836C /* Resources */,
			);
			buildRules = (
			);
			dependencies = (
			);
			name = FastConnectBluetooth;
			productName = FastConnectBluetooth;
			productReference = 677C562D2483CAEB00D4836C /* FastConnectBluetooth.app */;
			productType = "com.apple.product-type.application";
		};
		677C56452483CAEC00D4836C /* FastConnectBluetoothTests */ = {
			isa = PBXNativeTarget;
			buildConfigurationList = 677C565D2483CAEC00D4836C /* Build configuration list for PBXNativeTarget "FastConnectBluetoothTests" */;
			buildPhases = (
				677C56422483CAEC00D4836C /* Sources */,
				677C56432483CAEC00D4836C /* Frameworks */,
				677C56442483CAEC00D4836C /* Resources */,
			);
			buildRules = (
			);
			dependencies = (
				677C56482483CAEC00D4836C /* PBXTargetDependency */,
			);
			name = FastConnectBluetoothTests;
			productName = FastConnectBluetoothTests;
			productReference = 677C56462483CAEC00D4836C /* FastConnectBluetoothTests.xctest */;
			productType = "com.apple.product-type.bundle.unit-test";
		};
		677C56502483CAEC00D4836C /* FastConnectBluetoothUITests */ = {
			isa = PBXNativeTarget;
			buildConfigurationList = 677C56602483CAEC00D4836C /* Build configuration list for PBXNativeTarget "FastConnectBluetoothUITests" */;
			buildPhases = (
				677C564D2483CAEC00D4836C /* Sources */,
				677C564E2483CAEC00D4836C /* Frameworks */,
				677C564F2483CAEC00D4836C /* Resources */,
			);
			buildRules = (
			);
			dependencies = (
				677C56532483CAEC00D4836C /* PBXTargetDependency */,
			);
			name = FastConnectBluetoothUITests;
			productName = FastConnectBluetoothUITests;
			productReference = 677C56512483CAEC00D4836C /* FastConnectBluetoothUITests.xctest */;
			productType = "com.apple.product-type.bundle.ui-testing";
		};
/* End PBXNativeTarget section */

/* Begin PBXProject section */
		677C56252483CAEB00D4836C /* Project object */ = {
			isa = PBXProject;
			attributes = {
				LastSwiftUpdateCheck = 1150;
				LastUpgradeCheck = 1150;
				ORGANIZATIONNAME = hyungjun;
				TargetAttributes = {
					677C562C2483CAEB00D4836C = {
						CreatedOnToolsVersion = 11.5;
					};
					677C56452483CAEC00D4836C = {
						CreatedOnToolsVersion = 11.5;
						TestTargetID = 677C562C2483CAEB00D4836C;
					};
					677C56502483CAEC00D4836C = {
						CreatedOnToolsVersion = 11.5;
						TestTargetID = 677C562C2483CAEB00D4836C;
					};
				};
			};
			buildConfigurationList = 677C56282483CAEB00D4836C /* Build configuration list for PBXProject "FastConnectBluetooth" */;
			compatibilityVersion = "Xcode 9.3";
			developmentRegion = en;
			hasScannedForEncodings = 0;
			knownRegions = (
				en,
				Base,
			);
			mainGroup = 677C56242483CAEB00D4836C;
			productRefGroup = 677C562E2483CAEB00D4836C /* Products */;
			projectDirPath = "";
			projectRoot = "";
			targets = (
				677C562C2483CAEB00D4836C /* FastConnectBluetooth */,
				677C56452483CAEC00D4836C /* FastConnectBluetoothTests */,
				677C56502483CAEC00D4836C /* FastConnectBluetoothUITests */,
			);
		};
/* End PBXProject section */

/* Begin PBXResourcesBuildPhase section */
		677C562B2483CAEB00D4836C /* Resources */ = {
			isa = PBXResourcesBuildPhase;
			buildActionMask = 2147483647;
			files = (
				677C56402483CAEC00D4836C /* LaunchScreen.storyboard in Resources */,
				677C563D2483CAEC00D4836C /* Preview Assets.xcassets in Resources */,
				677C563A2483CAEC00D4836C /* Assets.xcassets in Resources */,
			);
			runOnlyForDeploymentPostprocessing = 0;
		};
		677C56442483CAEC00D4836C /* Resources */ = {
			isa = PBXResourcesBuildPhase;
			buildActionMask = 2147483647;
			files = (
			);
			runOnlyForDeploymentPostprocessing = 0;
		};
		677C564F2483CAEC00D4836C /* Resources */ = {
			isa = PBXResourcesBuildPhase;
			buildActionMask = 2147483647;
			files = (
			);
			runOnlyForDeploymentPostprocessing = 0;
		};
/* End PBXResourcesBuildPhase section */

/* Begin PBXSourcesBuildPhase section */
		677C56292483CAEB00D4836C /* Sources */ = {
			isa = PBXSourcesBuildPhase;
			buildActionMask = 2147483647;
			files = (
				677C56362483CAEB00D4836C /* FastConnectBluetooth.xcdatamodeld in Sources */,
				677C56312483CAEB00D4836C /* AppDelegate.swift in Sources */,
				677C56382483CAEB00D4836C /* BluetoothListScene.swift in Sources */,
				677C56332483CAEB00D4836C /* SceneDelegate.swift in Sources */,
			);
			runOnlyForDeploymentPostprocessing = 0;
		};
		677C56422483CAEC00D4836C /* Sources */ = {
			isa = PBXSourcesBuildPhase;
			buildActionMask = 2147483647;
			files = (
				677C564B2483CAEC00D4836C /* FastConnectBluetoothTests.swift in Sources */,
			);
			runOnlyForDeploymentPostprocessing = 0;
		};
		677C564D2483CAEC00D4836C /* Sources */ = {
			isa = PBXSourcesBuildPhase;
			buildActionMask = 2147483647;
			files = (
				677C56562483CAEC00D4836C /* FastConnectBluetoothUITests.swift in Sources */,
			);
			runOnlyForDeploymentPostprocessing = 0;
		};
/* End PBXSourcesBuildPhase section */

/* Begin PBXTargetDependency section */
		677C56482483CAEC00D4836C /* PBXTargetDependency */ = {
			isa = PBXTargetDependency;
			target = 677C562C2483CAEB00D4836C /* FastConnectBluetooth */;
			targetProxy = 677C56472483CAEC00D4836C /* PBXContainerItemProxy */;
		};
		677C56532483CAEC00D4836C /* PBXTargetDependency */ = {
			isa = PBXTargetDependency;
			target = 677C562C2483CAEB00D4836C /* FastConnectBluetooth */;
			targetProxy = 677C56522483CAEC00D4836C /* PBXContainerItemProxy */;
		};
/* End PBXTargetDependency section */

/* Begin PBXVariantGroup section */
		677C563E2483CAEC00D4836C /* LaunchScreen.storyboard */ = {
			isa = PBXVariantGroup;
			children = (
				677C563F2483CAEC00D4836C /* Base */,
			);
			name = LaunchScreen.storyboard;
			sourceTree = "<group>";
		};
/* End PBXVariantGroup section */

/* Begin XCBuildConfiguration section */
		677C56582483CAEC00D4836C /* Debug */ = {
			isa = XCBuildConfiguration;
			buildSettings = {
				ALWAYS_SEARCH_USER_PATHS = NO;
				CLANG_ANALYZER_NONNULL = YES;
				CLANG_ANALYZER_NUMBER_OBJECT_CONVERSION = YES_AGGRESSIVE;
				CLANG_CXX_LANGUAGE_STANDARD = "gnu++14";
				CLANG_CXX_LIBRARY = "libc++";
				CLANG_ENABLE_MODULES = YES;
				CLANG_ENABLE_OBJC_ARC = YES;
				CLANG_ENABLE_OBJC_WEAK = YES;
				CLANG_WARN_BLOCK_CAPTURE_AUTORELEASING = YES;
				CLANG_WARN_BOOL_CONVERSION = YES;
				CLANG_WARN_COMMA = YES;
				CLANG_WARN_CONSTANT_CONVERSION = YES;
				CLANG_WARN_DEPRECATED_OBJC_IMPLEMENTATIONS = YES;
				CLANG_WARN_DIRECT_OBJC_ISA_USAGE = YES_ERROR;
				CLANG_WARN_DOCUMENTATION_COMMENTS = YES;
				CLANG_WARN_EMPTY_BODY = YES;
				CLANG_WARN_ENUM_CONVERSION = YES;
				CLANG_WARN_INFINITE_RECURSION = YES;
				CLANG_WARN_INT_CONVERSION = YES;
				CLANG_WARN_NON_LITERAL_NULL_CONVERSION = YES;
				CLANG_WARN_OBJC_IMPLICIT_RETAIN_SELF = YES;
				CLANG_WARN_OBJC_LITERAL_CONVERSION = YES;
				CLANG_WARN_OBJC_ROOT_CLASS = YES_ERROR;
				CLANG_WARN_RANGE_LOOP_ANALYSIS = YES;
				CLANG_WARN_STRICT_PROTOTYPES = YES;
				CLANG_WARN_SUSPICIOUS_MOVE = YES;
				CLANG_WARN_UNGUARDED_AVAILABILITY = YES_AGGRESSIVE;
				CLANG_WARN_UNREACHABLE_CODE = YES;
				CLANG_WARN__DUPLICATE_METHOD_MATCH = YES;
				COPY_PHASE_STRIP = NO;
				DEBUG_INFORMATION_FORMAT = dwarf;
				ENABLE_STRICT_OBJC_MSGSEND = YES;
				ENABLE_TESTABILITY = YES;
				GCC_C_LANGUAGE_STANDARD = gnu11;
				GCC_DYNAMIC_NO_PIC = NO;
				GCC_NO_COMMON_BLOCKS = YES;
				GCC_OPTIMIZATION_LEVEL = 0;
				GCC_PREPROCESSOR_DEFINITIONS = (
					"DEBUG=1",
					"$(inherited)",
				);
				GCC_WARN_64_TO_32_BIT_CONVERSION = YES;
				GCC_WARN_ABOUT_RETURN_TYPE = YES_ERROR;
				GCC_WARN_UNDECLARED_SELECTOR = YES;
				GCC_WARN_UNINITIALIZED_AUTOS = YES_AGGRESSIVE;
				GCC_WARN_UNUSED_FUNCTION = YES;
				GCC_WARN_UNUSED_VARIABLE = YES;
				IPHONEOS_DEPLOYMENT_TARGET = 13.5;
				MTL_ENABLE_DEBUG_INFO = INCLUDE_SOURCE;
				MTL_FAST_MATH = YES;
				ONLY_ACTIVE_ARCH = YES;
				SDKROOT = iphoneos;
				SWIFT_ACTIVE_COMPILATION_CONDITIONS = DEBUG;
				SWIFT_OPTIMIZATION_LEVEL = "-Onone";
			};
			name = Debug;
		};
		677C56592483CAEC00D4836C /* Release */ = {
			isa = XCBuildConfiguration;
			buildSettings = {
				ALWAYS_SEARCH_USER_PATHS = NO;
				CLANG_ANALYZER_NONNULL = YES;
				CLANG_ANALYZER_NUMBER_OBJECT_CONVERSION = YES_AGGRESSIVE;
				CLANG_CXX_LANGUAGE_STANDARD = "gnu++14";
				CLANG_CXX_LIBRARY = "libc++";
				CLANG_ENABLE_MODULES = YES;
				CLANG_ENABLE_OBJC_ARC = YES;
				CLANG_ENABLE_OBJC_WEAK = YES;
				CLANG_WARN_BLOCK_CAPTURE_AUTORELEASING = YES;
				CLANG_WARN_BOOL_CONVERSION = YES;
				CLANG_WARN_COMMA = YES;
				CLANG_WARN_CONSTANT_CONVERSION = YES;
				CLANG_WARN_DEPRECATED_OBJC_IMPLEMENTATIONS = YES;
				CLANG_WARN_DIRECT_OBJC_ISA_USAGE = YES_ERROR;
				CLANG_WARN_DOCUMENTATION_COMMENTS = YES;
				CLANG_WARN_EMPTY_BODY = YES;
				CLANG_WARN_ENUM_CONVERSION = YES;
				CLANG_WARN_INFINITE_RECURSION = YES;
				CLANG_WARN_INT_CONVERSION = YES;
				CLANG_WARN_NON_LITERAL_NULL_CONVERSION = YES;
				CLANG_WARN_OBJC_IMPLICIT_RETAIN_SELF = YES;
				CLANG_WARN_OBJC_LITERAL_CONVERSION = YES;
				CLANG_WARN_OBJC_ROOT_CLASS = YES_ERROR;
				CLANG_WARN_RANGE_LOOP_ANALYSIS = YES;
				CLANG_WARN_STRICT_PROTOTYPES = YES;
				CLANG_WARN_SUSPICIOUS_MOVE = YES;
				CLANG_WARN_UNGUARDED_AVAILABILITY = YES_AGGRESSIVE;
				CLANG_WARN_UNREACHABLE_CODE = YES;
				CLANG_WARN__DUPLICATE_METHOD_MATCH = YES;
				COPY_PHASE_STRIP = NO;
				DEBUG_INFORMATION_FORMAT = "dwarf-with-dsym";
				ENABLE_NS_ASSERTIONS = NO;
				ENABLE_STRICT_OBJC_MSGSEND = YES;
				GCC_C_LANGUAGE_STANDARD = gnu11;
				GCC_NO_COMMON_BLOCKS = YES;
				GCC_WARN_64_TO_32_BIT_CONVERSION = YES;
				GCC_WARN_ABOUT_RETURN_TYPE = YES_ERROR;
				GCC_WARN_UNDECLARED_SELECTOR = YES;
				GCC_WARN_UNINITIALIZED_AUTOS = YES_AGGRESSIVE;
				GCC_WARN_UNUSED_FUNCTION = YES;
				GCC_WARN_UNUSED_VARIABLE = YES;
				IPHONEOS_DEPLOYMENT_TARGET = 13.5;
				MTL_ENABLE_DEBUG_INFO = NO;
				MTL_FAST_MATH = YES;
				SDKROOT = iphoneos;
				SWIFT_COMPILATION_MODE = wholemodule;
				SWIFT_OPTIMIZATION_LEVEL = "-O";
				VALIDATE_PRODUCT = YES;
			};
			name = Release;
		};
		677C565B2483CAEC00D4836C /* Debug */ = {
			isa = XCBuildConfiguration;
			buildSettings = {
				ASSETCATALOG_COMPILER_APPICON_NAME = AppIcon;
				CODE_SIGN_STYLE = Automatic;
				DEVELOPMENT_ASSET_PATHS = "\"FastConnectBluetooth/Preview Content\"";
				DEVELOPMENT_TEAM = P4LBJU8S4U;
				ENABLE_PREVIEWS = YES;
				INFOPLIST_FILE = FastConnectBluetooth/Info.plist;
				LD_RUNPATH_SEARCH_PATHS = (
					"$(inherited)",
					"@executable_path/Frameworks",
				);
				PRODUCT_BUNDLE_IDENTIFIER = hj.FastConnectBluetooth;
				PRODUCT_NAME = "$(TARGET_NAME)";
				SWIFT_VERSION = 5.0;
				TARGETED_DEVICE_FAMILY = "1,2";
			};
			name = Debug;
		};
		677C565C2483CAEC00D4836C /* Release */ = {
			isa = XCBuildConfiguration;
			buildSettings = {
				ASSETCATALOG_COMPILER_APPICON_NAME = AppIcon;
				CODE_SIGN_STYLE = Automatic;
				DEVELOPMENT_ASSET_PATHS = "\"FastConnectBluetooth/Preview Content\"";
				DEVELOPMENT_TEAM = P4LBJU8S4U;
				ENABLE_PREVIEWS = YES;
				INFOPLIST_FILE = FastConnectBluetooth/Info.plist;
				LD_RUNPATH_SEARCH_PATHS = (
					"$(inherited)",
					"@executable_path/Frameworks",
				);
				PRODUCT_BUNDLE_IDENTIFIER = hj.FastConnectBluetooth;
				PRODUCT_NAME = "$(TARGET_NAME)";
				SWIFT_VERSION = 5.0;
				TARGETED_DEVICE_FAMILY = "1,2";
			};
			name = Release;
		};
		677C565E2483CAEC00D4836C /* Debug */ = {
			isa = XCBuildConfiguration;
			buildSettings = {
				ALWAYS_EMBED_SWIFT_STANDARD_LIBRARIES = YES;
				BUNDLE_LOADER = "$(TEST_HOST)";
				CODE_SIGN_STYLE = Automatic;
				DEVELOPMENT_TEAM = P4LBJU8S4U;
				INFOPLIST_FILE = FastConnectBluetoothTests/Info.plist;
				IPHONEOS_DEPLOYMENT_TARGET = 13.5;
				LD_RUNPATH_SEARCH_PATHS = (
					"$(inherited)",
					"@executable_path/Frameworks",
					"@loader_path/Frameworks",
				);
				PRODUCT_BUNDLE_IDENTIFIER = hj.FastConnectBluetoothTests;
				PRODUCT_NAME = "$(TARGET_NAME)";
				SWIFT_VERSION = 5.0;
				TARGETED_DEVICE_FAMILY = "1,2";
				TEST_HOST = "$(BUILT_PRODUCTS_DIR)/FastConnectBluetooth.app/FastConnectBluetooth";
			};
			name = Debug;
		};
		677C565F2483CAEC00D4836C /* Release */ = {
			isa = XCBuildConfiguration;
			buildSettings = {
				ALWAYS_EMBED_SWIFT_STANDARD_LIBRARIES = YES;
				BUNDLE_LOADER = "$(TEST_HOST)";
				CODE_SIGN_STYLE = Automatic;
				DEVELOPMENT_TEAM = P4LBJU8S4U;
				INFOPLIST_FILE = FastConnectBluetoothTests/Info.plist;
				IPHONEOS_DEPLOYMENT_TARGET = 13.5;
				LD_RUNPATH_SEARCH_PATHS = (
					"$(inherited)",
					"@executable_path/Frameworks",
					"@loader_path/Frameworks",
				);
				PRODUCT_BUNDLE_IDENTIFIER = hj.FastConnectBluetoothTests;
				PRODUCT_NAME = "$(TARGET_NAME)";
				SWIFT_VERSION = 5.0;
				TARGETED_DEVICE_FAMILY = "1,2";
				TEST_HOST = "$(BUILT_PRODUCTS_DIR)/FastConnectBluetooth.app/FastConnectBluetooth";
			};
			name = Release;
		};
		677C56612483CAEC00D4836C /* Debug */ = {
			isa = XCBuildConfiguration;
			buildSettings = {
				ALWAYS_EMBED_SWIFT_STANDARD_LIBRARIES = YES;
				CODE_SIGN_STYLE = Automatic;
				DEVELOPMENT_TEAM = P4LBJU8S4U;
				INFOPLIST_FILE = FastConnectBluetoothUITests/Info.plist;
				LD_RUNPATH_SEARCH_PATHS = (
					"$(inherited)",
					"@executable_path/Frameworks",
					"@loader_path/Frameworks",
				);
				PRODUCT_BUNDLE_IDENTIFIER = hj.FastConnectBluetoothUITests;
				PRODUCT_NAME = "$(TARGET_NAME)";
				SWIFT_VERSION = 5.0;
				TARGETED_DEVICE_FAMILY = "1,2";
				TEST_TARGET_NAME = FastConnectBluetooth;
			};
			name = Debug;
		};
		677C56622483CAEC00D4836C /* Release */ = {
			isa = XCBuildConfiguration;
			buildSettings = {
				ALWAYS_EMBED_SWIFT_STANDARD_LIBRARIES = YES;
				CODE_SIGN_STYLE = Automatic;
				DEVELOPMENT_TEAM = P4LBJU8S4U;
				INFOPLIST_FILE = FastConnectBluetoothUITests/Info.plist;
				LD_RUNPATH_SEARCH_PATHS = (
					"$(inherited)",
					"@executable_path/Frameworks",
					"@loader_path/Frameworks",
				);
				PRODUCT_BUNDLE_IDENTIFIER = hj.FastConnectBluetoothUITests;
				PRODUCT_NAME = "$(TARGET_NAME)";
				SWIFT_VERSION = 5.0;
				TARGETED_DEVICE_FAMILY = "1,2";
				TEST_TARGET_NAME = FastConnectBluetooth;
			};
			name = Release;
		};
/* End XCBuildConfiguration section */

/* Begin XCConfigurationList section */
		677C56282483CAEB00D4836C /* Build configuration list for PBXProject "FastConnectBluetooth" */ = {
			isa = XCConfigurationList;
			buildConfigurations = (
				677C56582483CAEC00D4836C /* Debug */,
				677C56592483CAEC00D4836C /* Release */,
			);
			defaultConfigurationIsVisible = 0;
			defaultConfigurationName = Release;
		};
		677C565A2483CAEC00D4836C /* Build configuration list for PBXNativeTarget "FastConnectBluetooth" */ = {
			isa = XCConfigurationList;
			buildConfigurations = (
				677C565B2483CAEC00D4836C /* Debug */,
				677C565C2483CAEC00D4836C /* Release */,
			);
			defaultConfigurationIsVisible = 0;
			defaultConfigurationName = Release;
		};
		677C565D2483CAEC00D4836C /* Build configuration list for PBXNativeTarget "FastConnectBluetoothTests" */ = {
			isa = XCConfigurationList;
			buildConfigurations = (
				677C565E2483CAEC00D4836C /* Debug */,
				677C565F2483CAEC00D4836C /* Release */,
			);
			defaultConfigurationIsVisible = 0;
			defaultConfigurationName = Release;
		};
		677C56602483CAEC00D4836C /* Build configuration list for PBXNativeTarget "FastConnectBluetoothUITests" */ = {
			isa = XCConfigurationList;
			buildConfigurations = (
				677C56612483CAEC00D4836C /* Debug */,
				677C56622483CAEC00D4836C /* Release */,
			);
			defaultConfigurationIsVisible = 0;
			defaultConfigurationName = Release;
		};
/* End XCConfigurationList section */

/* Begin XCVersionGroup section */
		677C56342483CAEB00D4836C /* FastConnectBluetooth.xcdatamodeld */ = {
			isa = XCVersionGroup;
			children = (
				677C56352483CAEB00D4836C /* FastConnectBluetooth.xcdatamodel */,
			);
			currentVersion = 677C56352483CAEB00D4836C /* FastConnectBluetooth.xcdatamodel */;
			path = FastConnectBluetooth.xcdatamodeld;
			sourceTree = "<group>";
			versionGroupType = wrapper.xcdatamodel;
		};
/* End XCVersionGroup section */
	};
	rootObject = 677C56252483CAEB00D4836C /* Project object */;
}
